{
  "originHash" : "b551afb6becb63abb07916cc03ae7b94b3e2525be3e1c64b545f66a3bc3ff6ee",
  "pins" : [
    {
      "identity" : "superscript-ios",
      "kind" : "remoteSourceControl",
      "location" : "https://github.com/superwall/Superscript-iOS",
      "state" : {
        "revision" : "ce546d7ad70b5ce5f66ea0caffefb0d97be49f34",
        "version" : "1.0.12"
      }
    },
    {
      "identity" : "superwall-ios",
      "kind" : "remoteSourceControl",
      "location" : "https://github.com/superwall-me/Superwall-iOS",
      "state" : {
        "revision" : "9f912c8f2127680478597582aba44615d62294b1",
        "version" : "4.12.4"
      }
    }
  ],
  "version" : 3
}
