// !$*UTF8*$!
{
	archiveVersion = 1;
	classes = {
	};
	objectVersion = 56;
	objects = {

/* Begin PBXBuildFile section */
		3311A4D22B8547B700AEB1EB /* SubscriptionView.swift in Sources */ = {isa = PBXBuildFile; fileRef = 3311A4D12B8547B700AEB1EB /* SubscriptionView.swift */; };
		33344BE72B6849E900FCEF58 /* CaffinePalProducts.storekit in Resources */ = {isa = PBXBuildFile; fileRef = 33344BE62B6849E900FCEF58 /* CaffinePalProducts.storekit */; };
		33440CA32B604A4200D0FF9C /* Caffeine_PalApp.swift in Sources */ = {isa = PBXBuildFile; fileRef = 33440CA22B604A4200D0FF9C /* Caffeine_PalApp.swift */; };
		33440CA52B604A4200D0FF9C /* ContentView.swift in Sources */ = {isa = PBXBuildFile; fileRef = 33440CA42B604A4200D0FF9C /* ContentView.swift */; };
		33440CA72B604A4600D0FF9C /* Assets.xcassets in Resources */ = {isa = PBXBuildFile; fileRef = 33440CA62B604A4600D0FF9C /* Assets.xcassets */; };
		33440CAA2B604A4600D0FF9C /* Preview Assets.xcassets in Resources */ = {isa = PBXBuildFile; fileRef = 33440CA92B604A4600D0FF9C /* Preview Assets.xcassets */; };
		33440CB52B60550100D0FF9C /* TabIconView.swift in Sources */ = {isa = PBXBuildFile; fileRef = 33440CB42B60550100D0FF9C /* TabIconView.swift */; };
		33440CB72B6055E700D0FF9C /* IntakeView.swift in Sources */ = {isa = PBXBuildFile; fileRef = 33440CB62B6055E700D0FF9C /* IntakeView.swift */; };
		33440CB92B6055ED00D0FF9C /* RecipesView.swift in Sources */ = {isa = PBXBuildFile; fileRef = 33440CB82B6055ED00D0FF9C /* RecipesView.swift */; };
		33440CBB2B6055F500D0FF9C /* AppSettingsView.swift in Sources */ = {isa = PBXBuildFile; fileRef = 33440CBA2B6055F500D0FF9C /* AppSettingsView.swift */; };
		33440CBF2B60577B00D0FF9C /* CaffeineStore.swift in Sources */ = {isa = PBXBuildFile; fileRef = 33440CBE2B60577B00D0FF9C /* CaffeineStore.swift */; };
		33440CC12B6069E500D0FF9C /* EspressoDrink.swift in Sources */ = {isa = PBXBuildFile; fileRef = 33440CC02B6069E500D0FF9C /* EspressoDrink.swift */; };
		33B40E892B61AA9F004DC075 /* PurchaseOperations.swift in Sources */ = {isa = PBXBuildFile; fileRef = 33B40E882B61AA9F004DC075 /* PurchaseOperations.swift */; };
		33B40E8B2B62E4D6004DC075 /* ViewReceipeView.swift in Sources */ = {isa = PBXBuildFile; fileRef = 33B40E8A2B62E4D6004DC075 /* ViewReceipeView.swift */; };
		33B40E8D2B62EE87004DC075 /* AllProductsView.swift in Sources */ = {isa = PBXBuildFile; fileRef = 33B40E8C2B62EE87004DC075 /* AllProductsView.swift */; };
/* End PBXBuildFile section */

/* Begin PBXFileReference section */
		3311A4D12B8547B700AEB1EB /* SubscriptionView.swift */ = {isa = PBXFileReference; lastKnownFileType = sourcecode.swift; path = SubscriptionView.swift; sourceTree = "<group>"; };
		33344BE62B6849E900FCEF58 /* CaffinePalProducts.storekit */ = {isa = PBXFileReference; lastKnownFileType = text; path = CaffinePalProducts.storekit; sourceTree = "<group>"; };
		33440C9F2B604A4200D0FF9C /* Caffeine Pal.app */ = {isa = PBXFileReference; explicitFileType = wrapper.application; includeInIndex = 0; path = "Caffeine Pal.app"; sourceTree = BUILT_PRODUCTS_DIR; };
		33440CA22B604A4200D0FF9C /* Caffeine_PalApp.swift */ = {isa = PBXFileReference; lastKnownFileType = sourcecode.swift; path = Caffeine_PalApp.swift; sourceTree = "<group>"; };
		33440CA42B604A4200D0FF9C /* ContentView.swift */ = {isa = PBXFileReference; lastKnownFileType = sourcecode.swift; path = ContentView.swift; sourceTree = "<group>"; };
		33440CA62B604A4600D0FF9C /* Assets.xcassets */ = {isa = PBXFileReference; lastKnownFileType = folder.assetcatalog; path = Assets.xcassets; sourceTree = "<group>"; };
		33440CA92B604A4600D0FF9C /* Preview Assets.xcassets */ = {isa = PBXFileReference; lastKnownFileType = folder.assetcatalog; path = "Preview Assets.xcassets"; sourceTree = "<group>"; };
		33440CB22B604B3E00D0FF9C /* SampleCode.xcconfig */ = {isa = PBXFileReference; lastKnownFileType = text.xcconfig; path = SampleCode.xcconfig; sourceTree = "<group>"; };
		33440CB42B60550100D0FF9C /* TabIconView.swift */ = {isa = PBXFileReference; lastKnownFileType = sourcecode.swift; path = TabIconView.swift; sourceTree = "<group>"; };
		33440CB62B6055E700D0FF9C /* IntakeView.swift */ = {isa = PBXFileReference; lastKnownFileType = sourcecode.swift; path = IntakeView.swift; sourceTree = "<group>"; };
		33440CB82B6055ED00D0FF9C /* RecipesView.swift */ = {isa = PBXFileReference; lastKnownFileType = sourcecode.swift; path = RecipesView.swift; sourceTree = "<group>"; };
		33440CBA2B6055F500D0FF9C /* AppSettingsView.swift */ = {isa = PBXFileReference; lastKnownFileType = sourcecode.swift; path = AppSettingsView.swift; sourceTree = "<group>"; };
		33440CBE2B60577B00D0FF9C /* CaffeineStore.swift */ = {isa = PBXFileReference; lastKnownFileType = sourcecode.swift; path = CaffeineStore.swift; sourceTree = "<group>"; };
		33440CC02B6069E500D0FF9C /* EspressoDrink.swift */ = {isa = PBXFileReference; lastKnownFileType = sourcecode.swift; path = EspressoDrink.swift; sourceTree = "<group>"; };
		33B40E882B61AA9F004DC075 /* PurchaseOperations.swift */ = {isa = PBXFileReference; lastKnownFileType = sourcecode.swift; path = PurchaseOperations.swift; sourceTree = "<group>"; };
		33B40E8A2B62E4D6004DC075 /* ViewReceipeView.swift */ = {isa = PBXFileReference; lastKnownFileType = sourcecode.swift; path = ViewReceipeView.swift; sourceTree = "<group>"; };
		33B40E8C2B62EE87004DC075 /* AllProductsView.swift */ = {isa = PBXFileReference; lastKnownFileType = sourcecode.swift; path = AllProductsView.swift; sourceTree = "<group>"; };
/* End PBXFileReference section */

/* Begin PBXFrameworksBuildPhase section */
		33440C9C2B604A4200D0FF9C /* Frameworks */ = {
			isa = PBXFrameworksBuildPhase;
			buildActionMask = 2147483647;
			files = (
			);
			runOnlyForDeploymentPostprocessing = 0;
		};
/* End PBXFrameworksBuildPhase section */

/* Begin PBXGroup section */
		33440C962B604A4200D0FF9C = {
			isa = PBXGroup;
			children = (
				33344BE62B6849E900FCEF58 /* CaffinePalProducts.storekit */,
				33440CB12B604B3E00D0FF9C /* Configuration */,
				33440CA12B604A4200D0FF9C /* Caffeine Pal */,
				33440CA02B604A4200D0FF9C /* Products */,
			);
			sourceTree = "<group>";
		};
		33440CA02B604A4200D0FF9C /* Products */ = {
			isa = PBXGroup;
			children = (
				33440C9F2B604A4200D0FF9C /* Caffeine Pal.app */,
			);
			name = Products;
			sourceTree = "<group>";
		};
		33440CA12B604A4200D0FF9C /* Caffeine Pal */ = {
			isa = PBXGroup;
			children = (
				33440CBD2B6056BA00D0FF9C /* StoreKit 2 Code */,
				33440CBC2B6056B500D0FF9C /* Store and Model */,
				33440CB32B6054F100D0FF9C /* Views */,
				33440CA22B604A4200D0FF9C /* Caffeine_PalApp.swift */,
				33440CA42B604A4200D0FF9C /* ContentView.swift */,
				33440CA62B604A4600D0FF9C /* Assets.xcassets */,
				33440CA82B604A4600D0FF9C /* Preview Content */,
			);
			path = "Caffeine Pal";
			sourceTree = "<group>";
		};
		33440CA82B604A4600D0FF9C /* Preview Content */ = {
			isa = PBXGroup;
			children = (
				33440CA92B604A4600D0FF9C /* Preview Assets.xcassets */,
			);
			path = "Preview Content";
			sourceTree = "<group>";
		};
		33440CB12B604B3E00D0FF9C /* Configuration */ = {
			isa = PBXGroup;
			children = (
				33440CB22B604B3E00D0FF9C /* SampleCode.xcconfig */,
			);
			path = Configuration;
			sourceTree = "<group>";
		};
		33440CB32B6054F100D0FF9C /* Views */ = {
			isa = PBXGroup;
			children = (
				33440CB42B60550100D0FF9C /* TabIconView.swift */,
				33440CB62B6055E700D0FF9C /* IntakeView.swift */,
				33440CB82B6055ED00D0FF9C /* RecipesView.swift */,
				33440CBA2B6055F500D0FF9C /* AppSettingsView.swift */,
				33B40E8A2B62E4D6004DC075 /* ViewReceipeView.swift */,
				33B40E8C2B62EE87004DC075 /* AllProductsView.swift */,
				3311A4D12B8547B700AEB1EB /* SubscriptionView.swift */,
			);
			path = Views;
			sourceTree = "<group>";
		};
		33440CBC2B6056B500D0FF9C /* Store and Model */ = {
			isa = PBXGroup;
			children = (
				33440CBE2B60577B00D0FF9C /* CaffeineStore.swift */,
				33440CC02B6069E500D0FF9C /* EspressoDrink.swift */,
			);
			path = "Store and Model";
			sourceTree = "<group>";
		};
		33440CBD2B6056BA00D0FF9C /* StoreKit 2 Code */ = {
			isa = PBXGroup;
			children = (
				33B40E882B61AA9F004DC075 /* PurchaseOperations.swift */,
			);
			path = "StoreKit 2 Code";
			sourceTree = "<group>";
		};
/* End PBXGroup section */

/* Begin PBXNativeTarget section */
		33440C9E2B604A4200D0FF9C /* Caffeine Pal */ = {
			isa = PBXNativeTarget;
			buildConfigurationList = 33440CAD2B604A4600D0FF9C /* Build configuration list for PBXNativeTarget "Caffeine Pal" */;
			buildPhases = (
				33440C9B2B604A4200D0FF9C /* Sources */,
				33440C9C2B604A4200D0FF9C /* Frameworks */,
				33440C9D2B604A4200D0FF9C /* Resources */,
			);
			buildRules = (
			);
			dependencies = (
			);
			name = "Caffeine Pal";
			productName = "Caffeine Pal";
			productReference = 33440C9F2B604A4200D0FF9C /* Caffeine Pal.app */;
			productType = "com.apple.product-type.application";
		};
/* End PBXNativeTarget section */

/* Begin PBXProject section */
		33440C972B604A4200D0FF9C /* Project object */ = {
			isa = PBXProject;
			attributes = {
				BuildIndependentTargetsInParallel = 1;
				LastSwiftUpdateCheck = 1520;
				LastUpgradeCheck = 1520;
				TargetAttributes = {
					33440C9E2B604A4200D0FF9C = {
						CreatedOnToolsVersion = 15.2;
					};
				};
			};
			buildConfigurationList = 33440C9A2B604A4200D0FF9C /* Build configuration list for PBXProject "Caffeine Pal" */;
			compatibilityVersion = "Xcode 14.0";
			developmentRegion = en;
			hasScannedForEncodings = 0;
			knownRegions = (
				en,
				Base,
			);
			mainGroup = 33440C962B604A4200D0FF9C;
			productRefGroup = 33440CA02B604A4200D0FF9C /* Products */;
			projectDirPath = "";
			projectRoot = "";
			targets = (
				33440C9E2B604A4200D0FF9C /* Caffeine Pal */,
			);
		};
/* End PBXProject section */

/* Begin PBXResourcesBuildPhase section */
		33440C9D2B604A4200D0FF9C /* Resources */ = {
			isa = PBXResourcesBuildPhase;
			buildActionMask = 2147483647;
			files = (
				33440CAA2B604A4600D0FF9C /* Preview Assets.xcassets in Resources */,
				33344BE72B6849E900FCEF58 /* CaffinePalProducts.storekit in Resources */,
				33440CA72B604A4600D0FF9C /* Assets.xcassets in Resources */,
			);
			runOnlyForDeploymentPostprocessing = 0;
		};
/* End PBXResourcesBuildPhase section */

/* Begin PBXSourcesBuildPhase section */
		33440C9B2B604A4200D0FF9C /* Sources */ = {
			isa = PBXSourcesBuildPhase;
			buildActionMask = 2147483647;
			files = (
				33440CB52B60550100D0FF9C /* TabIconView.swift in Sources */,
				33440CBB2B6055F500D0FF9C /* AppSettingsView.swift in Sources */,
				33440CA52B604A4200D0FF9C /* ContentView.swift in Sources */,
				33440CBF2B60577B00D0FF9C /* CaffeineStore.swift in Sources */,
				33440CB92B6055ED00D0FF9C /* RecipesView.swift in Sources */,
				3311A4D22B8547B700AEB1EB /* SubscriptionView.swift in Sources */,
				33B40E8D2B62EE87004DC075 /* AllProductsView.swift in Sources */,
				33440CB72B6055E700D0FF9C /* IntakeView.swift in Sources */,
				33440CC12B6069E500D0FF9C /* EspressoDrink.swift in Sources */,
				33440CA32B604A4200D0FF9C /* Caffeine_PalApp.swift in Sources */,
				33B40E892B61AA9F004DC075 /* PurchaseOperations.swift in Sources */,
				33B40E8B2B62E4D6004DC075 /* ViewReceipeView.swift in Sources */,
			);
			runOnlyForDeploymentPostprocessing = 0;
		};
/* End PBXSourcesBuildPhase section */

/* Begin XCBuildConfiguration section */
		33440CAB2B604A4600D0FF9C /* Debug */ = {
			isa = XCBuildConfiguration;
			baseConfigurationReference = 33440CB22B604B3E00D0FF9C /* SampleCode.xcconfig */;
			buildSettings = {
				ALWAYS_SEARCH_USER_PATHS = NO;
				ASSETCATALOG_COMPILER_GENERATE_SWIFT_ASSET_SYMBOL_EXTENSIONS = YES;
				CLANG_ANALYZER_NONNULL = YES;
				CLANG_ANALYZER_NUMBER_OBJECT_CONVERSION = YES_AGGRESSIVE;
				CLANG_CXX_LANGUAGE_STANDARD = "gnu++20";
				CLANG_ENABLE_MODULES = YES;
				CLANG_ENABLE_OBJC_ARC = YES;
				CLANG_ENABLE_OBJC_WEAK = YES;
				CLANG_WARN_BLOCK_CAPTURE_AUTORELEASING = YES;
				CLANG_WARN_BOOL_CONVERSION = YES;
				CLANG_WARN_COMMA = YES;
				CLANG_WARN_CONSTANT_CONVERSION = YES;
				CLANG_WARN_DEPRECATED_OBJC_IMPLEMENTATIONS = YES;
				CLANG_WARN_DIRECT_OBJC_ISA_USAGE = YES_ERROR;
				CLANG_WARN_DOCUMENTATION_COMMENTS = YES;
				CLANG_WARN_EMPTY_BODY = YES;
				CLANG_WARN_ENUM_CONVERSION = YES;
				CLANG_WARN_INFINITE_RECURSION = YES;
				CLANG_WARN_INT_CONVERSION = YES;
				CLANG_WARN_NON_LITERAL_NULL_CONVERSION = YES;
				CLANG_WARN_OBJC_IMPLICIT_RETAIN_SELF = YES;
				CLANG_WARN_OBJC_LITERAL_CONVERSION = YES;
				CLANG_WARN_OBJC_ROOT_CLASS = YES_ERROR;
				CLANG_WARN_QUOTED_INCLUDE_IN_FRAMEWORK_HEADER = YES;
				CLANG_WARN_RANGE_LOOP_ANALYSIS = YES;
				CLANG_WARN_STRICT_PROTOTYPES = YES;
				CLANG_WARN_SUSPICIOUS_MOVE = YES;
				CLANG_WARN_UNGUARDED_AVAILABILITY = YES_AGGRESSIVE;
				CLANG_WARN_UNREACHABLE_CODE = YES;
				CLANG_WARN__DUPLICATE_METHOD_MATCH = YES;
				COPY_PHASE_STRIP = NO;
				DEBUG_INFORMATION_FORMAT = dwarf;
				ENABLE_STRICT_OBJC_MSGSEND = YES;
				ENABLE_TESTABILITY = YES;
				ENABLE_USER_SCRIPT_SANDBOXING = YES;
				GCC_C_LANGUAGE_STANDARD = gnu17;
				GCC_DYNAMIC_NO_PIC = NO;
				GCC_NO_COMMON_BLOCKS = YES;
				GCC_OPTIMIZATION_LEVEL = 0;
				GCC_PREPROCESSOR_DEFINITIONS = (
					"DEBUG=1",
					"$(inherited)",
				);
				GCC_WARN_64_TO_32_BIT_CONVERSION = YES;
				GCC_WARN_ABOUT_RETURN_TYPE = YES_ERROR;
				GCC_WARN_UNDECLARED_SELECTOR = YES;
				GCC_WARN_UNINITIALIZED_AUTOS = YES_AGGRESSIVE;
				GCC_WARN_UNUSED_FUNCTION = YES;
				GCC_WARN_UNUSED_VARIABLE = YES;
				IPHONEOS_DEPLOYMENT_TARGET = 17.2;
				LOCALIZATION_PREFERS_STRING_CATALOGS = YES;
				MTL_ENABLE_DEBUG_INFO = INCLUDE_SOURCE;
				MTL_FAST_MATH = YES;
				ONLY_ACTIVE_ARCH = YES;
				SDKROOT = iphoneos;
				SWIFT_ACTIVE_COMPILATION_CONDITIONS = "DEBUG $(inherited)";
				SWIFT_OPTIMIZATION_LEVEL = "-Onone";
			};
			name = Debug;
		};
		33440CAC2B604A4600D0FF9C /* Release */ = {
			isa = XCBuildConfiguration;
			baseConfigurationReference = 33440CB22B604B3E00D0FF9C /* SampleCode.xcconfig */;
			buildSettings = {
				ALWAYS_SEARCH_USER_PATHS = NO;
				ASSETCATALOG_COMPILER_GENERATE_SWIFT_ASSET_SYMBOL_EXTENSIONS = YES;
				CLANG_ANALYZER_NONNULL = YES;
				CLANG_ANALYZER_NUMBER_OBJECT_CONVERSION = YES_AGGRESSIVE;
				CLANG_CXX_LANGUAGE_STANDARD = "gnu++20";
				CLANG_ENABLE_MODULES = YES;
				CLANG_ENABLE_OBJC_ARC = YES;
				CLANG_ENABLE_OBJC_WEAK = YES;
				CLANG_WARN_BLOCK_CAPTURE_AUTORELEASING = YES;
				CLANG_WARN_BOOL_CONVERSION = YES;
				CLANG_WARN_COMMA = YES;
				CLANG_WARN_CONSTANT_CONVERSION = YES;
				CLANG_WARN_DEPRECATED_OBJC_IMPLEMENTATIONS = YES;
				CLANG_WARN_DIRECT_OBJC_ISA_USAGE = YES_ERROR;
				CLANG_WARN_DOCUMENTATION_COMMENTS = YES;
				CLANG_WARN_EMPTY_BODY = YES;
				CLANG_WARN_ENUM_CONVERSION = YES;
				CLANG_WARN_INFINITE_RECURSION = YES;
				CLANG_WARN_INT_CONVERSION = YES;
				CLANG_WARN_NON_LITERAL_NULL_CONVERSION = YES;
				CLANG_WARN_OBJC_IMPLICIT_RETAIN_SELF = YES;
				CLANG_WARN_OBJC_LITERAL_CONVERSION = YES;
				CLANG_WARN_OBJC_ROOT_CLASS = YES_ERROR;
				CLANG_WARN_QUOTED_INCLUDE_IN_FRAMEWORK_HEADER = YES;
				CLANG_WARN_RANGE_LOOP_ANALYSIS = YES;
				CLANG_WARN_STRICT_PROTOTYPES = YES;
				CLANG_WARN_SUSPICIOUS_MOVE = YES;
				CLANG_WARN_UNGUARDED_AVAILABILITY = YES_AGGRESSIVE;
				CLANG_WARN_UNREACHABLE_CODE = YES;
				CLANG_WARN__DUPLICATE_METHOD_MATCH = YES;
				COPY_PHASE_STRIP = NO;
				DEBUG_INFORMATION_FORMAT = "dwarf-with-dsym";
				ENABLE_NS_ASSERTIONS = NO;
				ENABLE_STRICT_OBJC_MSGSEND = YES;
				ENABLE_USER_SCRIPT_SANDBOXING = YES;
				GCC_C_LANGUAGE_STANDARD = gnu17;
				GCC_NO_COMMON_BLOCKS = YES;
				GCC_WARN_64_TO_32_BIT_CONVERSION = YES;
				GCC_WARN_ABOUT_RETURN_TYPE = YES_ERROR;
				GCC_WARN_UNDECLARED_SELECTOR = YES;
				GCC_WARN_UNINITIALIZED_AUTOS = YES_AGGRESSIVE;
				GCC_WARN_UNUSED_FUNCTION = YES;
				GCC_WARN_UNUSED_VARIABLE = YES;
				IPHONEOS_DEPLOYMENT_TARGET = 17.2;
				LOCALIZATION_PREFERS_STRING_CATALOGS = YES;
				MTL_ENABLE_DEBUG_INFO = NO;
				MTL_FAST_MATH = YES;
				SDKROOT = iphoneos;
				SWIFT_COMPILATION_MODE = wholemodule;
				VALIDATE_PRODUCT = YES;
			};
			name = Release;
		};
		33440CAE2B604A4600D0FF9C /* Debug */ = {
			isa = XCBuildConfiguration;
			baseConfigurationReference = 33440CB22B604B3E00D0FF9C /* SampleCode.xcconfig */;
			buildSettings = {
				ASSETCATALOG_COMPILER_ALTERNATE_APPICON_NAMES = "SecondaryIcon TertiaryIcon";
				ASSETCATALOG_COMPILER_APPICON_NAME = AppIcon;
				ASSETCATALOG_COMPILER_GLOBAL_ACCENT_COLOR_NAME = AccentColor;
				CODE_SIGN_STYLE = Automatic;
				CURRENT_PROJECT_VERSION = 1;
				DEVELOPMENT_ASSET_PATHS = "\"Caffeine Pal/Preview Content\"";
				DEVELOPMENT_TEAM = M5X536S592;
				ENABLE_PREVIEWS = YES;
				GENERATE_INFOPLIST_FILE = YES;
				INFOPLIST_KEY_CFBundleDisplayName = "Caffeine Pal";
				INFOPLIST_KEY_UIApplicationSceneManifest_Generation = YES;
				INFOPLIST_KEY_UIApplicationSupportsIndirectInputEvents = YES;
				INFOPLIST_KEY_UILaunchScreen_Generation = YES;
				INFOPLIST_KEY_UISupportedInterfaceOrientations_iPad = "UIInterfaceOrientationPortrait UIInterfaceOrientationPortraitUpsideDown UIInterfaceOrientationLandscapeLeft UIInterfaceOrientationLandscapeRight";
				INFOPLIST_KEY_UISupportedInterfaceOrientations_iPhone = "UIInterfaceOrientationPortrait UIInterfaceOrientationLandscapeLeft UIInterfaceOrientationLandscapeRight";
				LD_RUNPATH_SEARCH_PATHS = (
					"$(inherited)",
					"@executable_path/Frameworks",
				);
				MARKETING_VERSION = 1.0;
				PRODUCT_BUNDLE_IDENTIFIER = "com.superwall.caffeinePal.Caffeine-Pal";
				PRODUCT_NAME = "$(TARGET_NAME)";
				SWIFT_EMIT_LOC_STRINGS = YES;
				SWIFT_VERSION = 5.0;
				TARGETED_DEVICE_FAMILY = "1,2";
			};
			name = Debug;
		};
		33440CAF2B604A4600D0FF9C /* Release */ = {
			isa = XCBuildConfiguration;
			baseConfigurationReference = 33440CB22B604B3E00D0FF9C /* SampleCode.xcconfig */;
			buildSettings = {
				ASSETCATALOG_COMPILER_ALTERNATE_APPICON_NAMES = "TertiaryIcon SecondaryIcon";
				ASSETCATALOG_COMPILER_APPICON_NAME = AppIcon;
				ASSETCATALOG_COMPILER_GLOBAL_ACCENT_COLOR_NAME = AccentColor;
				CODE_SIGN_STYLE = Automatic;
				CURRENT_PROJECT_VERSION = 1;
				DEVELOPMENT_ASSET_PATHS = "\"Caffeine Pal/Preview Content\"";
				DEVELOPMENT_TEAM = M5X536S592;
				ENABLE_PREVIEWS = YES;
				GENERATE_INFOPLIST_FILE = YES;
				INFOPLIST_KEY_CFBundleDisplayName = "Caffeine Pal";
				INFOPLIST_KEY_UIApplicationSceneManifest_Generation = YES;
				INFOPLIST_KEY_UIApplicationSupportsIndirectInputEvents = YES;
				INFOPLIST_KEY_UILaunchScreen_Generation = YES;
				INFOPLIST_KEY_UISupportedInterfaceOrientations_iPad = "UIInterfaceOrientationPortrait UIInterfaceOrientationPortraitUpsideDown UIInterfaceOrientationLandscapeLeft UIInterfaceOrientationLandscapeRight";
				INFOPLIST_KEY_UISupportedInterfaceOrientations_iPhone = "UIInterfaceOrientationPortrait UIInterfaceOrientationLandscapeLeft UIInterfaceOrientationLandscapeRight";
				LD_RUNPATH_SEARCH_PATHS = (
					"$(inherited)",
					"@executable_path/Frameworks",
				);
				MARKETING_VERSION = 1.0;
				PRODUCT_BUNDLE_IDENTIFIER = "com.superwall.caffeinePal.Caffeine-Pal";
				PRODUCT_NAME = "$(TARGET_NAME)";
				SWIFT_EMIT_LOC_STRINGS = YES;
				SWIFT_VERSION = 5.0;
				TARGETED_DEVICE_FAMILY = "1,2";
			};
			name = Release;
		};
/* End XCBuildConfiguration section */

/* Begin XCConfigurationList section */
		33440C9A2B604A4200D0FF9C /* Build configuration list for PBXProject "Caffeine Pal" */ = {
			isa = XCConfigurationList;
			buildConfigurations = (
				33440CAB2B604A4600D0FF9C /* Debug */,
				33440CAC2B604A4600D0FF9C /* Release */,
			);
			defaultConfigurationIsVisible = 0;
			defaultConfigurationName = Release;
		};
		33440CAD2B604A4600D0FF9C /* Build configuration list for PBXNativeTarget "Caffeine Pal" */ = {
			isa = XCConfigurationList;
			buildConfigurations = (
				33440CAE2B604A4600D0FF9C /* Debug */,
				33440CAF2B604A4600D0FF9C /* Release */,
			);
			defaultConfigurationIsVisible = 0;
			defaultConfigurationName = Release;
		};
/* End XCConfigurationList section */
	};
	rootObject = 33440C972B604A4200D0FF9C /* Project object */;
}
